
Microsoft Visual Studio Solution File, Format Version 12.00
# Visual Studio 2015
Project("{FAE04EC0-301F-11D3-BF4B-00C04F79EFBC}") = "Good sir are you my slayer.CSharp.Plugins", "Good sir are you my slayer.CSharp.Plugins.csproj", "{2435BCEB-BF7C-CD6B-C028-5C6BDA78A145}"
EndProject
Project("{FAE04EC0-301F-11D3-BF4B-00C04F79EFBC}") = "Good sir are you my slayer.CSharp", "Good sir are you my slayer.CSharp.csproj", "{9F5F6798-101D-8012-4580-996A31A70A03}"
EndProject
Project("{FAE04EC0-301F-11D3-BF4B-00C04F79EFBC}") = "Good sir are you my slayer.CSharp.Editor", "Good sir are you my slayer.CSharp.Editor.csproj", "{826E8774-362B-27CD-3F1E-4DFDE4D09BD2}"
EndProject
Global
	GlobalSection(SolutionConfigurationPlatforms) = preSolution
		Debug|Any CPU = Debug|Any CPU
		Release|Any CPU = Release|Any CPU
	EndGlobalSection
	GlobalSection(ProjectConfigurationPlatforms) = postSolution
		{2435BCEB-BF7C-CD6B-C028-5C6BDA78A145}.Debug|Any CPU.ActiveCfg = Debug|Any CPU
		{2435BCEB-BF7C-CD6B-C028-5C6BDA78A145}.Debug|Any CPU.Build.0 = Debug|Any CPU
		{2435BCEB-BF7C-CD6B-C028-5C6BDA78A145}.Release|Any CPU.ActiveCfg = Release|Any CPU
		{2435BCEB-BF7C-CD6B-C028-5C6BDA78A145}.Release|Any CPU.Build.0 = Release|Any CPU
		{9F5F6798-101D-8012-4580-996A31A70A03}.Debug|Any CPU.ActiveCfg = Debug|Any CPU
		{9F5F6798-101D-8012-4580-996A31A70A03}.Debug|Any CPU.Build.0 = Debug|Any CPU
		{9F5F6798-101D-8012-4580-996A31A70A03}.Release|Any CPU.ActiveCfg = Release|Any CPU
		{9F5F6798-101D-8012-4580-996A31A70A03}.Release|Any CPU.Build.0 = Release|Any CPU
		{826E8774-362B-27CD-3F1E-4DFDE4D09BD2}.Debug|Any CPU.ActiveCfg = Debug|Any CPU
		{826E8774-362B-27CD-3F1E-4DFDE4D09BD2}.Debug|Any CPU.Build.0 = Debug|Any CPU
		{826E8774-362B-27CD-3F1E-4DFDE4D09BD2}.Release|Any CPU.ActiveCfg = Release|Any CPU
		{826E8774-362B-27CD-3F1E-4DFDE4D09BD2}.Release|Any CPU.Build.0 = Release|Any CPU
	EndGlobalSection
	GlobalSection(SolutionProperties) = preSolution
		HideSolutionNode = FALSE
	EndGlobalSection
<<<<<<< HEAD
																																																																																																																				GlobalSection(MonoDevelopProperties) = preSolution
=======
<<<<<<< HEAD
																																																																																																																														GlobalSection(MonoDevelopProperties) = preSolution
>>>>>>> f05a204fc6d89641db534be9c050ded99448489a
=======
																																																																																																															GlobalSection(MonoDevelopProperties) = preSolution
>>>>>>> c4ae85c9bb084b34453e9fd8f784f1047f714380
=======
<<<<<<< HEAD
																																																																																						GlobalSection(MonoDevelopProperties) = preSolution
=======
																																																																																					GlobalSection(MonoDevelopProperties) = preSolution
>>>>>>> 8acbb770ad4203f849fdce1b3d0b4a448d96e086
>>>>>>> 5e911f4c1b48522141e3d73666a6d08a3e3e4874
=======
																																																							GlobalSection(MonoDevelopProperties) = preSolution
>>>>>>> d0123c8a7008a0f5a043edcf3a8ffff3133299f1
=======
																					GlobalSection(MonoDevelopProperties) = preSolution
>>>>>>> 50b56199126689dd9129337909eca52a58f8cf27
=======
									GlobalSection(MonoDevelopProperties) = preSolution
>>>>>>> 56942522baa9e73969ec7c9d5af1ff1ae889678a:Good sir are you my slayer/Good sir are you my slayer.sln
		StartupItem = Assembly-CSharp.csproj
		Policies = $0
		$0.TextStylePolicy = $1
		$1.inheritsSet = null
		$1.scope = text/x-csharp
		$0.CSharpFormattingPolicy = $2
		$2.inheritsSet = Mono
		$2.inheritsScope = text/x-csharp
		$2.scope = text/x-csharp
		$0.TextStylePolicy = $3
		$3.FileWidth = 120
		$3.TabWidth = 4
		$3.IndentWidth = 4
		$3.EolMarker = Unix
		$3.inheritsSet = Mono
		$3.inheritsScope = text/plain
		$3.scope = text/plain
	EndGlobalSection

=======
>>>>>>> 090a1da3638b5ebdbf610f47b5d7f24a758fb85d
EndGlobal
